
Microsoft Visual Studio Solution File, Format Version 12.00
# Visual Studio Version 16
VisualStudioVersion = 16.0.809.6
MinimumVisualStudioVersion = 10.0.40219.1
Project("{FAE04EC0-301F-11D3-BF4B-00C04F79EFBC}") = "Eticket.Api", "Eticket.Api\Eticket.Api.csproj", "{FE1772FD-1B5D-4ED1-8C1C-E383238846EE}"
EndProject
Project("{FAE04EC0-301F-11D3-BF4B-00C04F79EFBC}") = "Eticket.Dal", "Eticket.Dal\Eticket.Dal.csproj", "{8DFE83BD-09E6-43F4-AF50-8DD5E578B069}"
EndProject
Global
	GlobalSection(SolutionConfigurationPlatforms) = preSolution
		Debug|Any CPU = Debug|Any CPU
		Release|Any CPU = Release|Any CPU
	EndGlobalSection
	GlobalSection(ProjectConfigurationPlatforms) = postSolution
		{FE1772FD-1B5D-4ED1-8C1C-E383238846EE}.Debug|Any CPU.ActiveCfg = Debug|Any CPU
		{FE1772FD-1B5D-4ED1-8C1C-E383238846EE}.Debug|Any CPU.Build.0 = Debug|Any CPU
		{FE1772FD-1B5D-4ED1-8C1C-E383238846EE}.Release|Any CPU.ActiveCfg = Release|Any CPU
		{FE1772FD-1B5D-4ED1-8C1C-E383238846EE}.Release|Any CPU.Build.0 = Release|Any CPU
		{8DFE83BD-09E6-43F4-AF50-8DD5E578B069}.Debug|Any CPU.ActiveCfg = Debug|Any CPU
		{8DFE83BD-09E6-43F4-AF50-8DD5E578B069}.Debug|Any CPU.Build.0 = Debug|Any CPU
		{8DFE83BD-09E6-43F4-AF50-8DD5E578B069}.Release|Any CPU.ActiveCfg = Release|Any CPU
		{8DFE83BD-09E6-43F4-AF50-8DD5E578B069}.Release|Any CPU.Build.0 = Release|Any CPU
	EndGlobalSection
	GlobalSection(SolutionProperties) = preSolution
		HideSolutionNode = FALSE
	EndGlobalSection
	GlobalSection(ExtensibilityGlobals) = postSolution
		SolutionGuid = {068442F0-E10F-4B84-8209-F4C5B7253521}
	EndGlobalSection
EndGlobal
